
Microsoft Visual Studio Solution File, Format Version 12.00
# Visual Studio Version 16
VisualStudioVersion = 16.0.32106.194
MinimumVisualStudioVersion = 10.0.40219.1
Project("{9A19103F-16F7-4668-BE54-9A1E7A4F7556}") = "PizzaDelivery", "PizzaDelivery\PizzaDelivery.csproj", "{5F19D67A-29B1-44B6-A807-3B21F867837F}"
EndProject
Project("{9A19103F-16F7-4668-BE54-9A1E7A4F7556}") = "PizzaDelivery.Tests", "PizzaDelivery.Tests\PizzaDelivery.Tests.csproj", "{DF42FF76-7D18-43D5-A751-02F07A7D801D}"
EndProject
Global
	GlobalSection(SolutionConfigurationPlatforms) = preSolution
		Debug|Any CPU = Debug|Any CPU
		Release|Any CPU = Release|Any CPU
	EndGlobalSection
	GlobalSection(ProjectConfigurationPlatforms) = postSolution
		{5F19D67A-29B1-44B6-A807-3B21F867837F}.Debug|Any CPU.ActiveCfg = Debug|Any CPU
		{5F19D67A-29B1-44B6-A807-3B21F867837F}.Debug|Any CPU.Build.0 = Debug|Any CPU
		{5F19D67A-29B1-44B6-A807-3B21F867837F}.Release|Any CPU.ActiveCfg = Release|Any CPU
		{5F19D67A-29B1-44B6-A807-3B21F867837F}.Release|Any CPU.Build.0 = Release|Any CPU
		{DF42FF76-7D18-43D5-A751-02F07A7D801D}.Debug|Any CPU.ActiveCfg = Debug|Any CPU
		{DF42FF76-7D18-43D5-A751-02F07A7D801D}.Debug|Any CPU.Build.0 = Debug|Any CPU
		{DF42FF76-7D18-43D5-A751-02F07A7D801D}.Release|Any CPU.ActiveCfg = Release|Any CPU
		{DF42FF76-7D18-43D5-A751-02F07A7D801D}.Release|Any CPU.Build.0 = Release|Any CPU
	EndGlobalSection
	GlobalSection(SolutionProperties) = preSolution
		HideSolutionNode = FALSE
	EndGlobalSection
	GlobalSection(ExtensibilityGlobals) = postSolution
		SolutionGuid = {ED551E55-2893-4F7E-9161-ED02B124C8E7}
	EndGlobalSection
EndGlobal
